
Microsoft Visual Studio Solution File, Format Version 12.00
# Visual Studio Version 16
VisualStudioVersion = 16.0.30621.155
MinimumVisualStudioVersion = 10.0.40219.1
Project("{888888A0-9F3D-457C-B088-3A5042F75D52}") = "Sun_system", "Sun_system\Sun_system.pyproj", "{7E135661-6399-417C-9D64-99555B6AF947}"
EndProject
Global
	GlobalSection(SolutionConfigurationPlatforms) = preSolution
		Debug|Any CPU = Debug|Any CPU
		Release|Any CPU = Release|Any CPU
	EndGlobalSection
	GlobalSection(ProjectConfigurationPlatforms) = postSolution
		{7E135661-6399-417C-9D64-99555B6AF947}.Debug|Any CPU.ActiveCfg = Debug|Any CPU
		{7E135661-6399-417C-9D64-99555B6AF947}.Debug|Any CPU.Build.0 = Debug|Any CPU
		{7E135661-6399-417C-9D64-99555B6AF947}.Release|Any CPU.ActiveCfg = Release|Any CPU
		{7E135661-6399-417C-9D64-99555B6AF947}.Release|Any CPU.Build.0 = Release|Any CPU
	EndGlobalSection
	GlobalSection(SolutionProperties) = preSolution
		HideSolutionNode = FALSE
	EndGlobalSection
	GlobalSection(ExtensibilityGlobals) = postSolution
		SolutionGuid = {6D0F537E-E258-4E62-8093-E8368993FA1E}
	EndGlobalSection
EndGlobal
